// !$*UTF8*$!
{
	archiveVersion = 1;
	classes = {
	};
	objectVersion = 48;
	objects = {

/* Begin PBXBuildFile section */
		24FC30219FD6CABFDA933F25 /* ColorResolver.swift in Sources */ = {isa = PBXBuildFile; fileRef = 24FC3A68DBBF49741AF95AB0 /* ColorResolver.swift */; };
		24FC30AD42F920C14391B0A4 /* AlertFactory.swift in Sources */ = {isa = PBXBuildFile; fileRef = 24FC343A4636E07E23AD8F62 /* AlertFactory.swift */; };
		24FC313E2DA4178006146990 /* XCTest+Asserts.swift in Sources */ = {isa = PBXBuildFile; fileRef = 24FC3B6D72189A9F9962C3B6 /* XCTest+Asserts.swift */; };
		24FC36EBD65BAAFACCE184F4 /* MockTracksContract.swift in Sources */ = {isa = PBXBuildFile; fileRef = 24FC3816FA2D93E99570AC07 /* MockTracksContract.swift */; };
		24FC379EDA2B758F54E3809F /* TrackServiceTests.swift in Sources */ = {isa = PBXBuildFile; fileRef = 24FC3BCDE956EEAD5E8A64D1 /* TrackServiceTests.swift */; };
		24FC392A7D9E959BAE659438 /* TracksPresenterTests.swift in Sources */ = {isa = PBXBuildFile; fileRef = 24FC3734B4C38DA9F2369359 /* TracksPresenterTests.swift */; };
		24FC3DA08914BE3189698711 /* TracksInteractorTests.swift in Sources */ = {isa = PBXBuildFile; fileRef = 24FC3CD2BB24B81DB3419D1E /* TracksInteractorTests.swift */; };
		24FC3E0AEAC74F9DC87B7F8D /* MockTrackServicing.swift in Sources */ = {isa = PBXBuildFile; fileRef = 24FC3C943D04E252F7042F53 /* MockTrackServicing.swift */; };
		24FC3EB27206D4FC15E151BB /* MockTrackColoring.swift in Sources */ = {isa = PBXBuildFile; fileRef = 24FC362D056483AD8500D55B /* MockTrackColoring.swift */; };
		D1F88BC52036E11E0040D1D9 /* AppDelegate.swift in Sources */ = {isa = PBXBuildFile; fileRef = D1F88BC42036E11E0040D1D9 /* AppDelegate.swift */; };
		D1F88BCC2036E11E0040D1D9 /* Assets.xcassets in Resources */ = {isa = PBXBuildFile; fileRef = D1F88BCB2036E11E0040D1D9 /* Assets.xcassets */; };
		D1F88BCF2036E11E0040D1D9 /* LaunchScreen.storyboard in Resources */ = {isa = PBXBuildFile; fileRef = D1F88BCD2036E11E0040D1D9 /* LaunchScreen.storyboard */; };
		D1F88BEF2036E2610040D1D9 /* TracksBuilder.swift in Sources */ = {isa = PBXBuildFile; fileRef = D1F88BE92036E2610040D1D9 /* TracksBuilder.swift */; };
		D1F88BF02036E2610040D1D9 /* TracksContract.swift in Sources */ = {isa = PBXBuildFile; fileRef = D1F88BEA2036E2610040D1D9 /* TracksContract.swift */; };
		D1F88BF12036E2610040D1D9 /* TracksInteractor.swift in Sources */ = {isa = PBXBuildFile; fileRef = D1F88BEB2036E2610040D1D9 /* TracksInteractor.swift */; };
		D1F88BF22036E2610040D1D9 /* TracksPresenter.swift in Sources */ = {isa = PBXBuildFile; fileRef = D1F88BEC2036E2610040D1D9 /* TracksPresenter.swift */; };
		D1F88BF32036E2610040D1D9 /* TracksRouter.swift in Sources */ = {isa = PBXBuildFile; fileRef = D1F88BED2036E2610040D1D9 /* TracksRouter.swift */; };
		D1F88BF42036E2610040D1D9 /* TracksViewController.swift in Sources */ = {isa = PBXBuildFile; fileRef = D1F88BEE2036E2610040D1D9 /* TracksViewController.swift */; };
		D1F88BF72036E2790040D1D9 /* TracksViewController.xib in Resources */ = {isa = PBXBuildFile; fileRef = D1F88BF62036E2790040D1D9 /* TracksViewController.xib */; };
		D1F88BFF2036E2C00040D1D9 /* RootBuilder.swift in Sources */ = {isa = PBXBuildFile; fileRef = D1F88BF92036E2C00040D1D9 /* RootBuilder.swift */; };
		D1F88C002036E2C00040D1D9 /* RootContract.swift in Sources */ = {isa = PBXBuildFile; fileRef = D1F88BFA2036E2C00040D1D9 /* RootContract.swift */; };
		D1F88C022036E2C00040D1D9 /* RootPresenter.swift in Sources */ = {isa = PBXBuildFile; fileRef = D1F88BFC2036E2C00040D1D9 /* RootPresenter.swift */; };
		D1F88C032036E2C00040D1D9 /* RootRouter.swift in Sources */ = {isa = PBXBuildFile; fileRef = D1F88BFD2036E2C00040D1D9 /* RootRouter.swift */; };
		D1F88C072036EC130040D1D9 /* TrackViewModel.swift in Sources */ = {isa = PBXBuildFile; fileRef = D1F88C062036EC130040D1D9 /* TrackViewModel.swift */; };
		D1F88C0A203721230040D1D9 /* Track.swift in Sources */ = {isa = PBXBuildFile; fileRef = D1F88C09203721230040D1D9 /* Track.swift */; };
		D1F88C0D203722AA0040D1D9 /* TrackService.swift in Sources */ = {isa = PBXBuildFile; fileRef = D1F88C0C203722AA0040D1D9 /* TrackService.swift */; };
/* End PBXBuildFile section */

/* Begin PBXContainerItemProxy section */
		D1F88BD62036E11E0040D1D9 /* PBXContainerItemProxy */ = {
			isa = PBXContainerItemProxy;
			containerPortal = D1F88BB92036E11D0040D1D9 /* Project object */;
			proxyType = 1;
			remoteGlobalIDString = D1F88BC02036E11E0040D1D9;
			remoteInfo = SampleViper;
		};
/* End PBXContainerItemProxy section */

/* Begin PBXFileReference section */
		24FC343A4636E07E23AD8F62 /* AlertFactory.swift */ = {isa = PBXFileReference; fileEncoding = 4; lastKnownFileType = sourcecode.swift; path = AlertFactory.swift; sourceTree = "<group>"; };
		24FC362D056483AD8500D55B /* MockTrackColoring.swift */ = {isa = PBXFileReference; fileEncoding = 4; lastKnownFileType = sourcecode.swift; path = MockTrackColoring.swift; sourceTree = "<group>"; };
		24FC3734B4C38DA9F2369359 /* TracksPresenterTests.swift */ = {isa = PBXFileReference; fileEncoding = 4; lastKnownFileType = sourcecode.swift; path = TracksPresenterTests.swift; sourceTree = "<group>"; };
		24FC3816FA2D93E99570AC07 /* MockTracksContract.swift */ = {isa = PBXFileReference; fileEncoding = 4; lastKnownFileType = sourcecode.swift; path = MockTracksContract.swift; sourceTree = "<group>"; };
		24FC3A68DBBF49741AF95AB0 /* ColorResolver.swift */ = {isa = PBXFileReference; fileEncoding = 4; lastKnownFileType = sourcecode.swift; path = ColorResolver.swift; sourceTree = "<group>"; };
		24FC3B6D72189A9F9962C3B6 /* XCTest+Asserts.swift */ = {isa = PBXFileReference; fileEncoding = 4; lastKnownFileType = sourcecode.swift; path = "XCTest+Asserts.swift"; sourceTree = "<group>"; };
		24FC3BCDE956EEAD5E8A64D1 /* TrackServiceTests.swift */ = {isa = PBXFileReference; fileEncoding = 4; lastKnownFileType = sourcecode.swift; path = TrackServiceTests.swift; sourceTree = "<group>"; };
		24FC3C943D04E252F7042F53 /* MockTrackServicing.swift */ = {isa = PBXFileReference; fileEncoding = 4; lastKnownFileType = sourcecode.swift; path = MockTrackServicing.swift; sourceTree = "<group>"; };
		24FC3CD2BB24B81DB3419D1E /* TracksInteractorTests.swift */ = {isa = PBXFileReference; fileEncoding = 4; lastKnownFileType = sourcecode.swift; path = TracksInteractorTests.swift; sourceTree = "<group>"; };
		D1F88BC12036E11E0040D1D9 /* SampleViper.app */ = {isa = PBXFileReference; explicitFileType = wrapper.application; includeInIndex = 0; path = SampleViper.app; sourceTree = BUILT_PRODUCTS_DIR; };
		D1F88BC42036E11E0040D1D9 /* AppDelegate.swift */ = {isa = PBXFileReference; lastKnownFileType = sourcecode.swift; path = AppDelegate.swift; sourceTree = "<group>"; };
		D1F88BCB2036E11E0040D1D9 /* Assets.xcassets */ = {isa = PBXFileReference; lastKnownFileType = folder.assetcatalog; path = Assets.xcassets; sourceTree = "<group>"; };
		D1F88BCE2036E11E0040D1D9 /* Base */ = {isa = PBXFileReference; lastKnownFileType = file.storyboard; name = Base; path = Base.lproj/LaunchScreen.storyboard; sourceTree = "<group>"; };
		D1F88BD02036E11E0040D1D9 /* Info.plist */ = {isa = PBXFileReference; lastKnownFileType = text.plist.xml; path = Info.plist; sourceTree = "<group>"; };
		D1F88BD52036E11E0040D1D9 /* SampleViperTests.xctest */ = {isa = PBXFileReference; explicitFileType = wrapper.cfbundle; includeInIndex = 0; path = SampleViperTests.xctest; sourceTree = BUILT_PRODUCTS_DIR; };
		D1F88BDB2036E11E0040D1D9 /* Info.plist */ = {isa = PBXFileReference; lastKnownFileType = text.plist.xml; path = Info.plist; sourceTree = "<group>"; };
		D1F88BE92036E2610040D1D9 /* TracksBuilder.swift */ = {isa = PBXFileReference; lastKnownFileType = sourcecode.swift; path = TracksBuilder.swift; sourceTree = "<group>"; };
		D1F88BEA2036E2610040D1D9 /* TracksContract.swift */ = {isa = PBXFileReference; lastKnownFileType = sourcecode.swift; path = TracksContract.swift; sourceTree = "<group>"; };
		D1F88BEB2036E2610040D1D9 /* TracksInteractor.swift */ = {isa = PBXFileReference; lastKnownFileType = sourcecode.swift; path = TracksInteractor.swift; sourceTree = "<group>"; };
		D1F88BEC2036E2610040D1D9 /* TracksPresenter.swift */ = {isa = PBXFileReference; lastKnownFileType = sourcecode.swift; path = TracksPresenter.swift; sourceTree = "<group>"; };
		D1F88BED2036E2610040D1D9 /* TracksRouter.swift */ = {isa = PBXFileReference; lastKnownFileType = sourcecode.swift; path = TracksRouter.swift; sourceTree = "<group>"; };
		D1F88BEE2036E2610040D1D9 /* TracksViewController.swift */ = {isa = PBXFileReference; lastKnownFileType = sourcecode.swift; path = TracksViewController.swift; sourceTree = "<group>"; };
		D1F88BF62036E2790040D1D9 /* TracksViewController.xib */ = {isa = PBXFileReference; lastKnownFileType = file.xib; path = TracksViewController.xib; sourceTree = "<group>"; };
		D1F88BF92036E2C00040D1D9 /* RootBuilder.swift */ = {isa = PBXFileReference; lastKnownFileType = sourcecode.swift; path = RootBuilder.swift; sourceTree = "<group>"; };
		D1F88BFA2036E2C00040D1D9 /* RootContract.swift */ = {isa = PBXFileReference; lastKnownFileType = sourcecode.swift; path = RootContract.swift; sourceTree = "<group>"; };
		D1F88BFC2036E2C00040D1D9 /* RootPresenter.swift */ = {isa = PBXFileReference; lastKnownFileType = sourcecode.swift; path = RootPresenter.swift; sourceTree = "<group>"; };
		D1F88BFD2036E2C00040D1D9 /* RootRouter.swift */ = {isa = PBXFileReference; lastKnownFileType = sourcecode.swift; path = RootRouter.swift; sourceTree = "<group>"; };
		D1F88C062036EC130040D1D9 /* TrackViewModel.swift */ = {isa = PBXFileReference; lastKnownFileType = sourcecode.swift; path = TrackViewModel.swift; sourceTree = "<group>"; };
		D1F88C09203721230040D1D9 /* Track.swift */ = {isa = PBXFileReference; lastKnownFileType = sourcecode.swift; path = Track.swift; sourceTree = "<group>"; };
		D1F88C0C203722AA0040D1D9 /* TrackService.swift */ = {isa = PBXFileReference; lastKnownFileType = sourcecode.swift; path = TrackService.swift; sourceTree = "<group>"; };
/* End PBXFileReference section */

/* Begin PBXFrameworksBuildPhase section */
		D1F88BBE2036E11E0040D1D9 /* Frameworks */ = {
			isa = PBXFrameworksBuildPhase;
			buildActionMask = 2147483647;
			files = (
			);
			runOnlyForDeploymentPostprocessing = 0;
		};
		D1F88BD22036E11E0040D1D9 /* Frameworks */ = {
			isa = PBXFrameworksBuildPhase;
			buildActionMask = 2147483647;
			files = (
			);
			runOnlyForDeploymentPostprocessing = 0;
		};
/* End PBXFrameworksBuildPhase section */

/* Begin PBXGroup section */
		24FC32DD7BE4BE2A0923BCF2 /* Shared */ = {
			isa = PBXGroup;
			children = (
				24FC3BCDE956EEAD5E8A64D1 /* TrackServiceTests.swift */,
			);
			path = Shared;
			sourceTree = "<group>";
		};
		24FC35C376DD627C92D0699C /* Extensions */ = {
			isa = PBXGroup;
			children = (
				24FC3B6D72189A9F9962C3B6 /* XCTest+Asserts.swift */,
			);
			path = Extensions;
			sourceTree = "<group>";
		};
		24FC387AC4C2AB9913B23B1A /* Modules */ = {
			isa = PBXGroup;
			children = (
				24FC3C36938A24E8134A399A /* Tracks */,
			);
			path = Modules;
			sourceTree = "<group>";
		};
		24FC3C13C7C08950680DB04C /* Mocks */ = {
			isa = PBXGroup;
			children = (
				24FC3816FA2D93E99570AC07 /* MockTracksContract.swift */,
				24FC362D056483AD8500D55B /* MockTrackColoring.swift */,
				24FC3C943D04E252F7042F53 /* MockTrackServicing.swift */,
			);
			path = Mocks;
			sourceTree = "<group>";
		};
		24FC3C36938A24E8134A399A /* Tracks */ = {
			isa = PBXGroup;
			children = (
				24FC3734B4C38DA9F2369359 /* TracksPresenterTests.swift */,
				24FC3CD2BB24B81DB3419D1E /* TracksInteractorTests.swift */,
			);
			path = Tracks;
			sourceTree = "<group>";
		};
		D1F88BB82036E11D0040D1D9 = {
			isa = PBXGroup;
			children = (
				D1F88BC32036E11E0040D1D9 /* SampleViper */,
				D1F88BD82036E11E0040D1D9 /* SampleViperTests */,
				D1F88BC22036E11E0040D1D9 /* Products */,
			);
			sourceTree = "<group>";
		};
		D1F88BC22036E11E0040D1D9 /* Products */ = {
			isa = PBXGroup;
			children = (
				D1F88BC12036E11E0040D1D9 /* SampleViper.app */,
				D1F88BD52036E11E0040D1D9 /* SampleViperTests.xctest */,
			);
			name = Products;
			sourceTree = "<group>";
		};
		D1F88BC32036E11E0040D1D9 /* SampleViper */ = {
			isa = PBXGroup;
			children = (
				D1F88BE72036E1910040D1D9 /* Config */,
				D1F88BE52036E1580040D1D9 /* Shared */,
				D1F88BE42036E14F0040D1D9 /* Modules */,
			);
			path = SampleViper;
			sourceTree = "<group>";
		};
		D1F88BD82036E11E0040D1D9 /* SampleViperTests */ = {
			isa = PBXGroup;
			children = (
				D1F88BDB2036E11E0040D1D9 /* Info.plist */,
				24FC387AC4C2AB9913B23B1A /* Modules */,
				24FC3C13C7C08950680DB04C /* Mocks */,
				24FC35C376DD627C92D0699C /* Extensions */,
				24FC32DD7BE4BE2A0923BCF2 /* Shared */,
			);
			path = SampleViperTests;
			sourceTree = "<group>";
		};
		D1F88BE42036E14F0040D1D9 /* Modules */ = {
			isa = PBXGroup;
			children = (
				D1F88BF82036E2AA0040D1D9 /* Root */,
				D1F88BE82036E1CB0040D1D9 /* Tracks */,
			);
			path = Modules;
			sourceTree = "<group>";
		};
		D1F88BE52036E1580040D1D9 /* Shared */ = {
			isa = PBXGroup;
			children = (
				D1F88C0B203721CF0040D1D9 /* Services */,
				D1F88C08203721140040D1D9 /* Models */,
				D1F88BE62036E1690040D1D9 /* Assets */,
			);
			path = Shared;
			sourceTree = "<group>";
		};
		D1F88BE62036E1690040D1D9 /* Assets */ = {
			isa = PBXGroup;
			children = (
				D1F88BCB2036E11E0040D1D9 /* Assets.xcassets */,
			);
			path = Assets;
			sourceTree = "<group>";
		};
		D1F88BE72036E1910040D1D9 /* Config */ = {
			isa = PBXGroup;
			children = (
				D1F88BC42036E11E0040D1D9 /* AppDelegate.swift */,
				D1F88BCD2036E11E0040D1D9 /* LaunchScreen.storyboard */,
				D1F88BD02036E11E0040D1D9 /* Info.plist */,
			);
			path = Config;
			sourceTree = "<group>";
		};
		D1F88BE82036E1CB0040D1D9 /* Tracks */ = {
			isa = PBXGroup;
			children = (
				D1F88C052036EC010040D1D9 /* ViewModels */,
				D1F88BF52036E26A0040D1D9 /* View */,
				D1F88BE92036E2610040D1D9 /* TracksBuilder.swift */,
				D1F88BEA2036E2610040D1D9 /* TracksContract.swift */,
				D1F88BEB2036E2610040D1D9 /* TracksInteractor.swift */,
				D1F88BEC2036E2610040D1D9 /* TracksPresenter.swift */,
				D1F88BED2036E2610040D1D9 /* TracksRouter.swift */,
				D1F88BEE2036E2610040D1D9 /* TracksViewController.swift */,
			);
			path = Tracks;
			sourceTree = "<group>";
		};
		D1F88BF52036E26A0040D1D9 /* View */ = {
			isa = PBXGroup;
			children = (
				D1F88BF62036E2790040D1D9 /* TracksViewController.xib */,
				24FC343A4636E07E23AD8F62 /* AlertFactory.swift */,
			);
			path = View;
			sourceTree = "<group>";
		};
		D1F88BF82036E2AA0040D1D9 /* Root */ = {
			isa = PBXGroup;
			children = (
				D1F88BF92036E2C00040D1D9 /* RootBuilder.swift */,
				D1F88BFA2036E2C00040D1D9 /* RootContract.swift */,
				D1F88BFC2036E2C00040D1D9 /* RootPresenter.swift */,
				D1F88BFD2036E2C00040D1D9 /* RootRouter.swift */,
			);
			path = Root;
			sourceTree = "<group>";
		};
		D1F88C052036EC010040D1D9 /* ViewModels */ = {
			isa = PBXGroup;
			children = (
				D1F88C062036EC130040D1D9 /* TrackViewModel.swift */,
			);
			path = ViewModels;
			sourceTree = "<group>";
		};
		D1F88C08203721140040D1D9 /* Models */ = {
			isa = PBXGroup;
			children = (
				D1F88C09203721230040D1D9 /* Track.swift */,
				24FC3A68DBBF49741AF95AB0 /* ColorResolver.swift */,
			);
			path = Models;
			sourceTree = "<group>";
		};
		D1F88C0B203721CF0040D1D9 /* Services */ = {
			isa = PBXGroup;
			children = (
				D1F88C0C203722AA0040D1D9 /* TrackService.swift */,
			);
			path = Services;
			sourceTree = "<group>";
		};
/* End PBXGroup section */

/* Begin PBXNativeTarget section */
		D1F88BC02036E11E0040D1D9 /* SampleViper */ = {
			isa = PBXNativeTarget;
			buildConfigurationList = D1F88BDE2036E11E0040D1D9 /* Build configuration list for PBXNativeTarget "SampleViper" */;
			buildPhases = (
				D1F88BBD2036E11E0040D1D9 /* Sources */,
				D1F88BBE2036E11E0040D1D9 /* Frameworks */,
				D1F88BBF2036E11E0040D1D9 /* Resources */,
			);
			buildRules = (
			);
			dependencies = (
			);
			name = SampleViper;
			productName = SampleViper;
			productReference = D1F88BC12036E11E0040D1D9 /* SampleViper.app */;
			productType = "com.apple.product-type.application";
		};
		D1F88BD42036E11E0040D1D9 /* SampleViperTests */ = {
			isa = PBXNativeTarget;
			buildConfigurationList = D1F88BE12036E11E0040D1D9 /* Build configuration list for PBXNativeTarget "SampleViperTests" */;
			buildPhases = (
				D1F88BD12036E11E0040D1D9 /* Sources */,
				D1F88BD22036E11E0040D1D9 /* Frameworks */,
				D1F88BD32036E11E0040D1D9 /* Resources */,
			);
			buildRules = (
			);
			dependencies = (
				D1F88BD72036E11E0040D1D9 /* PBXTargetDependency */,
			);
			name = SampleViperTests;
			productName = SampleViperTests;
			productReference = D1F88BD52036E11E0040D1D9 /* SampleViperTests.xctest */;
			productType = "com.apple.product-type.bundle.unit-test";
		};
/* End PBXNativeTarget section */

/* Begin PBXProject section */
		D1F88BB92036E11D0040D1D9 /* Project object */ = {
			isa = PBXProject;
			attributes = {
				LastSwiftUpdateCheck = 0920;
				LastUpgradeCheck = 0920;
				ORGANIZATIONNAME = SoundCloud;
				TargetAttributes = {
					D1F88BC02036E11E0040D1D9 = {
						CreatedOnToolsVersion = 9.2;
						ProvisioningStyle = Automatic;
					};
					D1F88BD42036E11E0040D1D9 = {
						CreatedOnToolsVersion = 9.2;
						ProvisioningStyle = Automatic;
						TestTargetID = D1F88BC02036E11E0040D1D9;
					};
				};
			};
			buildConfigurationList = D1F88BBC2036E11D0040D1D9 /* Build configuration list for PBXProject "SampleViper" */;
			compatibilityVersion = "Xcode 8.0";
			developmentRegion = en;
			hasScannedForEncodings = 0;
			knownRegions = (
				en,
				Base,
			);
			mainGroup = D1F88BB82036E11D0040D1D9;
			productRefGroup = D1F88BC22036E11E0040D1D9 /* Products */;
			projectDirPath = "";
			projectRoot = "";
			targets = (
				D1F88BC02036E11E0040D1D9 /* SampleViper */,
				D1F88BD42036E11E0040D1D9 /* SampleViperTests */,
			);
		};
/* End PBXProject section */

/* Begin PBXResourcesBuildPhase section */
		D1F88BBF2036E11E0040D1D9 /* Resources */ = {
			isa = PBXResourcesBuildPhase;
			buildActionMask = 2147483647;
			files = (
				D1F88BCF2036E11E0040D1D9 /* LaunchScreen.storyboard in Resources */,
				D1F88BCC2036E11E0040D1D9 /* Assets.xcassets in Resources */,
				D1F88BF72036E2790040D1D9 /* TracksViewController.xib in Resources */,
			);
			runOnlyForDeploymentPostprocessing = 0;
		};
		D1F88BD32036E11E0040D1D9 /* Resources */ = {
			isa = PBXResourcesBuildPhase;
			buildActionMask = 2147483647;
			files = (
			);
			runOnlyForDeploymentPostprocessing = 0;
		};
/* End PBXResourcesBuildPhase section */

/* Begin PBXSourcesBuildPhase section */
		D1F88BBD2036E11E0040D1D9 /* Sources */ = {
			isa = PBXSourcesBuildPhase;
			buildActionMask = 2147483647;
			files = (
				D1F88C072036EC130040D1D9 /* TrackViewModel.swift in Sources */,
				D1F88BF32036E2610040D1D9 /* TracksRouter.swift in Sources */,
				D1F88BF22036E2610040D1D9 /* TracksPresenter.swift in Sources */,
				D1F88BC52036E11E0040D1D9 /* AppDelegate.swift in Sources */,
				D1F88BEF2036E2610040D1D9 /* TracksBuilder.swift in Sources */,
				D1F88C032036E2C00040D1D9 /* RootRouter.swift in Sources */,
				D1F88C002036E2C00040D1D9 /* RootContract.swift in Sources */,
				D1F88C022036E2C00040D1D9 /* RootPresenter.swift in Sources */,
				D1F88BF12036E2610040D1D9 /* TracksInteractor.swift in Sources */,
				D1F88BF02036E2610040D1D9 /* TracksContract.swift in Sources */,
				D1F88C0A203721230040D1D9 /* Track.swift in Sources */,
				D1F88BF42036E2610040D1D9 /* TracksViewController.swift in Sources */,
				D1F88BFF2036E2C00040D1D9 /* RootBuilder.swift in Sources */,
				D1F88C0D203722AA0040D1D9 /* TrackService.swift in Sources */,
				24FC30AD42F920C14391B0A4 /* AlertFactory.swift in Sources */,
				24FC30219FD6CABFDA933F25 /* ColorResolver.swift in Sources */,
			);
			runOnlyForDeploymentPostprocessing = 0;
		};
		D1F88BD12036E11E0040D1D9 /* Sources */ = {
			isa = PBXSourcesBuildPhase;
			buildActionMask = 2147483647;
			files = (
				24FC392A7D9E959BAE659438 /* TracksPresenterTests.swift in Sources */,
				24FC36EBD65BAAFACCE184F4 /* MockTracksContract.swift in Sources */,
				24FC3EB27206D4FC15E151BB /* MockTrackColoring.swift in Sources */,
				24FC3DA08914BE3189698711 /* TracksInteractorTests.swift in Sources */,
				24FC3E0AEAC74F9DC87B7F8D /* MockTrackServicing.swift in Sources */,
				24FC313E2DA4178006146990 /* XCTest+Asserts.swift in Sources */,
				24FC379EDA2B758F54E3809F /* TrackServiceTests.swift in Sources */,
			);
			runOnlyForDeploymentPostprocessing = 0;
		};
/* End PBXSourcesBuildPhase section */

/* Begin PBXTargetDependency section */
		D1F88BD72036E11E0040D1D9 /* PBXTargetDependency */ = {
			isa = PBXTargetDependency;
			target = D1F88BC02036E11E0040D1D9 /* SampleViper */;
			targetProxy = D1F88BD62036E11E0040D1D9 /* PBXContainerItemProxy */;
		};
/* End PBXTargetDependency section */

/* Begin PBXVariantGroup section */
		D1F88BCD2036E11E0040D1D9 /* LaunchScreen.storyboard */ = {
			isa = PBXVariantGroup;
			children = (
				D1F88BCE2036E11E0040D1D9 /* Base */,
			);
			name = LaunchScreen.storyboard;
			sourceTree = "<group>";
		};
/* End PBXVariantGroup section */

/* Begin XCBuildConfiguration section */
		D1F88BDC2036E11E0040D1D9 /* Debug */ = {
			isa = XCBuildConfiguration;
			buildSettings = {
				ALWAYS_SEARCH_USER_PATHS = NO;
				CLANG_ANALYZER_NONNULL = YES;
				CLANG_ANALYZER_NUMBER_OBJECT_CONVERSION = YES_AGGRESSIVE;
				CLANG_CXX_LANGUAGE_STANDARD = "gnu++14";
				CLANG_CXX_LIBRARY = "libc++";
				CLANG_ENABLE_MODULES = YES;
				CLANG_ENABLE_OBJC_ARC = YES;
				CLANG_WARN_BLOCK_CAPTURE_AUTORELEASING = YES;
				CLANG_WARN_BOOL_CONVERSION = YES;
				CLANG_WARN_COMMA = YES;
				CLANG_WARN_CONSTANT_CONVERSION = YES;
				CLANG_WARN_DIRECT_OBJC_ISA_USAGE = YES_ERROR;
				CLANG_WARN_DOCUMENTATION_COMMENTS = YES;
				CLANG_WARN_EMPTY_BODY = YES;
				CLANG_WARN_ENUM_CONVERSION = YES;
				CLANG_WARN_INFINITE_RECURSION = YES;
				CLANG_WARN_INT_CONVERSION = YES;
				CLANG_WARN_NON_LITERAL_NULL_CONVERSION = YES;
				CLANG_WARN_OBJC_LITERAL_CONVERSION = YES;
				CLANG_WARN_OBJC_ROOT_CLASS = YES_ERROR;
				CLANG_WARN_RANGE_LOOP_ANALYSIS = YES;
				CLANG_WARN_STRICT_PROTOTYPES = YES;
				CLANG_WARN_SUSPICIOUS_MOVE = YES;
				CLANG_WARN_UNGUARDED_AVAILABILITY = YES_AGGRESSIVE;
				CLANG_WARN_UNREACHABLE_CODE = YES;
				CLANG_WARN__DUPLICATE_METHOD_MATCH = YES;
				CODE_SIGN_IDENTITY = "iPhone Developer";
				COPY_PHASE_STRIP = NO;
				DEBUG_INFORMATION_FORMAT = dwarf;
				ENABLE_STRICT_OBJC_MSGSEND = YES;
				ENABLE_TESTABILITY = YES;
				GCC_C_LANGUAGE_STANDARD = gnu11;
				GCC_DYNAMIC_NO_PIC = NO;
				GCC_NO_COMMON_BLOCKS = YES;
				GCC_OPTIMIZATION_LEVEL = 0;
				GCC_PREPROCESSOR_DEFINITIONS = (
					"DEBUG=1",
					"$(inherited)",
				);
				GCC_WARN_64_TO_32_BIT_CONVERSION = YES;
				GCC_WARN_ABOUT_RETURN_TYPE = YES_ERROR;
				GCC_WARN_UNDECLARED_SELECTOR = YES;
				GCC_WARN_UNINITIALIZED_AUTOS = YES_AGGRESSIVE;
				GCC_WARN_UNUSED_FUNCTION = YES;
				GCC_WARN_UNUSED_VARIABLE = YES;
				IPHONEOS_DEPLOYMENT_TARGET = 11.2;
				MTL_ENABLE_DEBUG_INFO = YES;
				ONLY_ACTIVE_ARCH = YES;
				SDKROOT = iphoneos;
				SWIFT_ACTIVE_COMPILATION_CONDITIONS = DEBUG;
				SWIFT_OPTIMIZATION_LEVEL = "-Onone";
			};
			name = Debug;
		};
		D1F88BDD2036E11E0040D1D9 /* Release */ = {
			isa = XCBuildConfiguration;
			buildSettings = {
				ALWAYS_SEARCH_USER_PATHS = NO;
				CLANG_ANALYZER_NONNULL = YES;
				CLANG_ANALYZER_NUMBER_OBJECT_CONVERSION = YES_AGGRESSIVE;
				CLANG_CXX_LANGUAGE_STANDARD = "gnu++14";
				CLANG_CXX_LIBRARY = "libc++";
				CLANG_ENABLE_MODULES = YES;
				CLANG_ENABLE_OBJC_ARC = YES;
				CLANG_WARN_BLOCK_CAPTURE_AUTORELEASING = YES;
				CLANG_WARN_BOOL_CONVERSION = YES;
				CLANG_WARN_COMMA = YES;
				CLANG_WARN_CONSTANT_CONVERSION = YES;
				CLANG_WARN_DIRECT_OBJC_ISA_USAGE = YES_ERROR;
				CLANG_WARN_DOCUMENTATION_COMMENTS = YES;
				CLANG_WARN_EMPTY_BODY = YES;
				CLANG_WARN_ENUM_CONVERSION = YES;
				CLANG_WARN_INFINITE_RECURSION = YES;
				CLANG_WARN_INT_CONVERSION = YES;
				CLANG_WARN_NON_LITERAL_NULL_CONVERSION = YES;
				CLANG_WARN_OBJC_LITERAL_CONVERSION = YES;
				CLANG_WARN_OBJC_ROOT_CLASS = YES_ERROR;
				CLANG_WARN_RANGE_LOOP_ANALYSIS = YES;
				CLANG_WARN_STRICT_PROTOTYPES = YES;
				CLANG_WARN_SUSPICIOUS_MOVE = YES;
				CLANG_WARN_UNGUARDED_AVAILABILITY = YES_AGGRESSIVE;
				CLANG_WARN_UNREACHABLE_CODE = YES;
				CLANG_WARN__DUPLICATE_METHOD_MATCH = YES;
				CODE_SIGN_IDENTITY = "iPhone Developer";
				COPY_PHASE_STRIP = NO;
				DEBUG_INFORMATION_FORMAT = "dwarf-with-dsym";
				ENABLE_NS_ASSERTIONS = NO;
				ENABLE_STRICT_OBJC_MSGSEND = YES;
				GCC_C_LANGUAGE_STANDARD = gnu11;
				GCC_NO_COMMON_BLOCKS = YES;
				GCC_WARN_64_TO_32_BIT_CONVERSION = YES;
				GCC_WARN_ABOUT_RETURN_TYPE = YES_ERROR;
				GCC_WARN_UNDECLARED_SELECTOR = YES;
				GCC_WARN_UNINITIALIZED_AUTOS = YES_AGGRESSIVE;
				GCC_WARN_UNUSED_FUNCTION = YES;
				GCC_WARN_UNUSED_VARIABLE = YES;
				IPHONEOS_DEPLOYMENT_TARGET = 11.2;
				MTL_ENABLE_DEBUG_INFO = NO;
				SDKROOT = iphoneos;
				SWIFT_OPTIMIZATION_LEVEL = "-Owholemodule";
				VALIDATE_PRODUCT = YES;
			};
			name = Release;
		};
		D1F88BDF2036E11E0040D1D9 /* Debug */ = {
			isa = XCBuildConfiguration;
			buildSettings = {
				ASSETCATALOG_COMPILER_APPICON_NAME = AppIcon;
				CODE_SIGN_STYLE = Automatic;
				DEVELOPMENT_TEAM = 3XW8MM2T22;
				INFOPLIST_FILE = "$(SRCROOT)/SampleViper/Config/Info.plist";
				LD_RUNPATH_SEARCH_PATHS = "$(inherited) @executable_path/Frameworks";
				PRODUCT_BUNDLE_IDENTIFIER = SoundCloud.SampleViper;
				PRODUCT_NAME = "$(TARGET_NAME)";
				SWIFT_VERSION = 4.0;
				TARGETED_DEVICE_FAMILY = "1,2";
			};
			name = Debug;
		};
		D1F88BE02036E11E0040D1D9 /* Release */ = {
			isa = XCBuildConfiguration;
			buildSettings = {
				ASSETCATALOG_COMPILER_APPICON_NAME = AppIcon;
				CODE_SIGN_STYLE = Automatic;
				DEVELOPMENT_TEAM = 3XW8MM2T22;
				INFOPLIST_FILE = "$(SRCROOT)/SampleViper/Config/Info.plist";
				LD_RUNPATH_SEARCH_PATHS = "$(inherited) @executable_path/Frameworks";
				PRODUCT_BUNDLE_IDENTIFIER = SoundCloud.SampleViper;
				PRODUCT_NAME = "$(TARGET_NAME)";
				SWIFT_VERSION = 4.0;
				TARGETED_DEVICE_FAMILY = "1,2";
			};
			name = Release;
		};
		D1F88BE22036E11E0040D1D9 /* Debug */ = {
			isa = XCBuildConfiguration;
			buildSettings = {
				ALWAYS_EMBED_SWIFT_STANDARD_LIBRARIES = YES;
				BUNDLE_LOADER = "$(TEST_HOST)";
				CODE_SIGN_STYLE = Automatic;
				DEVELOPMENT_TEAM = 3XW8MM2T22;
				INFOPLIST_FILE = SampleViperTests/Info.plist;
				LD_RUNPATH_SEARCH_PATHS = "$(inherited) @executable_path/Frameworks @loader_path/Frameworks";
				PRODUCT_BUNDLE_IDENTIFIER = SoundCloud.SampleViperTests;
				PRODUCT_NAME = "$(TARGET_NAME)";
				SWIFT_VERSION = 4.0;
				TARGETED_DEVICE_FAMILY = "1,2";
				TEST_HOST = "$(BUILT_PRODUCTS_DIR)/SampleViper.app/SampleViper";
			};
			name = Debug;
		};
		D1F88BE32036E11E0040D1D9 /* Release */ = {
			isa = XCBuildConfiguration;
			buildSettings = {
				ALWAYS_EMBED_SWIFT_STANDARD_LIBRARIES = YES;
				BUNDLE_LOADER = "$(TEST_HOST)";
				CODE_SIGN_STYLE = Automatic;
				DEVELOPMENT_TEAM = 3XW8MM2T22;
				INFOPLIST_FILE = SampleViperTests/Info.plist;
				LD_RUNPATH_SEARCH_PATHS = "$(inherited) @executable_path/Frameworks @loader_path/Frameworks";
				PRODUCT_BUNDLE_IDENTIFIER = SoundCloud.SampleViperTests;
				PRODUCT_NAME = "$(TARGET_NAME)";
				SWIFT_VERSION = 4.0;
				TARGETED_DEVICE_FAMILY = "1,2";
				TEST_HOST = "$(BUILT_PRODUCTS_DIR)/SampleViper.app/SampleViper";
			};
			name = Release;
		};
/* End XCBuildConfiguration section */

/* Begin XCConfigurationList section */
		D1F88BBC2036E11D0040D1D9 /* Build configuration list for PBXProject "SampleViper" */ = {
			isa = XCConfigurationList;
			buildConfigurations = (
				D1F88BDC2036E11E0040D1D9 /* Debug */,
				D1F88BDD2036E11E0040D1D9 /* Release */,
			);
			defaultConfigurationIsVisible = 0;
			defaultConfigurationName = Release;
		};
		D1F88BDE2036E11E0040D1D9 /* Build configuration list for PBXNativeTarget "SampleViper" */ = {
			isa = XCConfigurationList;
			buildConfigurations = (
				D1F88BDF2036E11E0040D1D9 /* Debug */,
				D1F88BE02036E11E0040D1D9 /* Release */,
			);
			defaultConfigurationIsVisible = 0;
			defaultConfigurationName = Release;
		};
		D1F88BE12036E11E0040D1D9 /* Build configuration list for PBXNativeTarget "SampleViperTests" */ = {
			isa = XCConfigurationList;
			buildConfigurations = (
				D1F88BE22036E11E0040D1D9 /* Debug */,
				D1F88BE32036E11E0040D1D9 /* Release */,
			);
			defaultConfigurationIsVisible = 0;
			defaultConfigurationName = Release;
		};
/* End XCConfigurationList section */
	};
	rootObject = D1F88BB92036E11D0040D1D9 /* Project object */;
}
